# This file is autogenerated, do not edit; changes may be undone by the next 'dep ensure'.


[[projects]]
  branch = "master"
  name = "github.com/alecthomas/template"
  packages = [
    ".",
    "parse"
  ]
  revision = "fb15b899a75114aa79cc930e33c46b577cc664b1"

[[projects]]
  branch = "master"
  name = "github.com/alecthomas/units"
  packages = ["."]
  revision = "c3de453c63f4bdb4dadffab9805ec00426c505f7"

[[projects]]
  name = "github.com/golang/snappy"
  packages = ["."]
  revision = "2a8bb927dd31d8daada140a5d09578521ce5c36a"
  version = "v0.0.1"

[[projects]]
  branch = "master"
  name = "github.com/hashicorp/yamux"
  packages = ["."]
  revision = "2f1d1f20f75d5404f53b9edf6b53ed5505508675"

[[projects]]
  name = "github.com/klauspost/cpuid"
  packages = ["."]
  revision = "05a8198c0f5a27739aec358908d7e12c64ce6eb7"
  version = "v1.2.1"

[[projects]]
  name = "github.com/klauspost/reedsolomon"
  packages = ["."]
  revision = "0883d2f0110ebc0d49684b4701e1d528422339c9"
  version = "v1.9.2"

[[projects]]
  name = "github.com/miekg/dns"
  packages = ["."]
  revision = "b13675009d59c97f3721247d9efa8914e1866a5b"
  version = "v1.1.15"

[[projects]]
  name = "github.com/pkg/errors"
  packages = ["."]
  revision = "ba968bfe8b2f7e042a574c888954fccecfa385b4"
  version = "v0.8.1"

[[projects]]
  name = "github.com/pmylund/go-cache"
  packages = ["."]
  revision = "a3647f8e31d79543b2d0f0ae2fe5c379d72cedc0"
  version = "v2.1.0"

[[projects]]
  branch = "master"
  name = "github.com/templexxx/cpufeat"
  packages = ["."]
  revision = "cef66df7f161dee20f4d650da7268d77eaaec82d"

[[projects]]
  name = "github.com/templexxx/xor"
  packages = ["."]
  revision = "0af8e873c554da75f37f2049cdffda804533d44c"
  version = "0.1.2"

[[projects]]
  name = "github.com/tjfoc/gmsm"
  packages = ["sm4"]
  revision = "bfb01827afcb386d32de6814196be3888e766fe8"
  version = "v1.2"

[[projects]]
  name = "github.com/xtaci/kcp-go"
  packages = ["."]
  revision = "42bc1dfefff592fdb3affa793980c4f6ab4213e5"
  version = "v3.25"

[[projects]]
  branch = "master"
  name = "golang.org/x/crypto"
  packages = [
    "blowfish",
    "cast5",
    "curve25519",
    "ed25519",
    "ed25519/internal/edwards25519",
    "internal/chacha20",
    "internal/subtle",
    "pbkdf2",
    "poly1305",
    "salsa20",
    "salsa20/salsa",
    "ssh",
    "tea",
    "twofish",
    "xtea"
  ]
  revision = "4def268fd1a49955bfb3dda92fe3db4f924f2285"

[[projects]]
  branch = "master"
  name = "golang.org/x/net"
  packages = [
    "bpf",
    "internal/iana",
    "internal/socket",
    "internal/socks",
    "ipv4",
    "ipv6",
    "proxy"
  ]
  revision = "ca1201d0de80cfde86cb01aea620983605dfe99b"

[[projects]]
  branch = "master"
  name = "golang.org/x/sys"
  packages = [
    "cpu",
    "unix",
    "windows"
  ]
  revision = "fae7ac547cb717d141c433a2a173315e216b64c4"

[[projects]]
  branch = "master"
  name = "golang.org/x/time"
  packages = ["rate"]
  revision = "9d24e82272b4f38b78bc8cff74fa936d31ccd8ef"

[[projects]]
  name = "gopkg.in/alecthomas/kingpin.v2"
  packages = ["."]
  revision = "947dcec5ba9c011838740e680966fd7087a71d0d"
  version = "v2.2.6"

[solve-meta]
  analyzer-name = "dep"
  analyzer-version = 1
  inputs-digest = "eab0ef29432489696d8bfd524757dcb03a83f91c329f2d05c36da70df850360d"
  solver-name = "gps-cdcl"
  solver-version = 1
